
Microsoft Visual Studio Solution File, Format Version 12.00
# Visual Studio 2012
Project("{FAE04EC0-301F-11D3-BF4B-00C04F79EFBC}") = "revenewSameryByClinet", "revenewSameryByClinet\revenewSameryByClinet.csproj", "{937539A8-D890-49E3-BA7E-1B7B9557098C}"
EndProject
Project("{FAE04EC0-301F-11D3-BF4B-00C04F79EFBC}") = "DAL", "..\General\DAL\DAL.csproj", "{FB002602-1B33-465B-9414-AD1A8FE98325}"
EndProject
Project("{FAE04EC0-301F-11D3-BF4B-00C04F79EFBC}") = "Common", "..\General\Common\Common.csproj", "{A60242B9-5382-4A90-91F8-F390DA706AE7}"
EndProject
Project("{FAE04EC0-301F-11D3-BF4B-00C04F79EFBC}") = "REvenewTest", "REvenewTest\REvenewTest.csproj", "{8C504F89-C6CA-4A4A-A2C2-F56175207304}"
EndProject
Global
	GlobalSection(SolutionConfigurationPlatforms) = preSolution
		Debug|Any CPU = Debug|Any CPU
		Debug|Mixed Platforms = Debug|Mixed Platforms
		Debug|x86 = Debug|x86
		Release|Any CPU = Release|Any CPU
		Release|Mixed Platforms = Release|Mixed Platforms
		Release|x86 = Release|x86
	EndGlobalSection
	GlobalSection(ProjectConfigurationPlatforms) = postSolution
		{937539A8-D890-49E3-BA7E-1B7B9557098C}.Debug|Any CPU.ActiveCfg = Debug|Any CPU
		{937539A8-D890-49E3-BA7E-1B7B9557098C}.Debug|Any CPU.Build.0 = Debug|Any CPU
		{937539A8-D890-49E3-BA7E-1B7B9557098C}.Debug|Mixed Platforms.ActiveCfg = Debug|Any CPU
		{937539A8-D890-49E3-BA7E-1B7B9557098C}.Debug|Mixed Platforms.Build.0 = Debug|Any CPU
		{937539A8-D890-49E3-BA7E-1B7B9557098C}.Debug|x86.ActiveCfg = Debug|Any CPU
		{937539A8-D890-49E3-BA7E-1B7B9557098C}.Release|Any CPU.ActiveCfg = Release|Any CPU
		{937539A8-D890-49E3-BA7E-1B7B9557098C}.Release|Any CPU.Build.0 = Release|Any CPU
		{937539A8-D890-49E3-BA7E-1B7B9557098C}.Release|Mixed Platforms.ActiveCfg = Release|Any CPU
		{937539A8-D890-49E3-BA7E-1B7B9557098C}.Release|Mixed Platforms.Build.0 = Release|Any CPU
		{937539A8-D890-49E3-BA7E-1B7B9557098C}.Release|x86.ActiveCfg = Release|Any CPU
		{FB002602-1B33-465B-9414-AD1A8FE98325}.Debug|Any CPU.ActiveCfg = Debug|Any CPU
		{FB002602-1B33-465B-9414-AD1A8FE98325}.Debug|Any CPU.Build.0 = Debug|Any CPU
		{FB002602-1B33-465B-9414-AD1A8FE98325}.Debug|Mixed Platforms.ActiveCfg = Debug|Any CPU
		{FB002602-1B33-465B-9414-AD1A8FE98325}.Debug|Mixed Platforms.Build.0 = Debug|Any CPU
		{FB002602-1B33-465B-9414-AD1A8FE98325}.Debug|x86.ActiveCfg = Debug|Any CPU
		{FB002602-1B33-465B-9414-AD1A8FE98325}.Release|Any CPU.ActiveCfg = Release|Any CPU
		{FB002602-1B33-465B-9414-AD1A8FE98325}.Release|Any CPU.Build.0 = Release|Any CPU
		{FB002602-1B33-465B-9414-AD1A8FE98325}.Release|Mixed Platforms.ActiveCfg = Release|Any CPU
		{FB002602-1B33-465B-9414-AD1A8FE98325}.Release|Mixed Platforms.Build.0 = Release|Any CPU
		{FB002602-1B33-465B-9414-AD1A8FE98325}.Release|x86.ActiveCfg = Release|Any CPU
		{A60242B9-5382-4A90-91F8-F390DA706AE7}.Debug|Any CPU.ActiveCfg = Debug|Any CPU
		{A60242B9-5382-4A90-91F8-F390DA706AE7}.Debug|Any CPU.Build.0 = Debug|Any CPU
		{A60242B9-5382-4A90-91F8-F390DA706AE7}.Debug|Mixed Platforms.ActiveCfg = Debug|Any CPU
		{A60242B9-5382-4A90-91F8-F390DA706AE7}.Debug|Mixed Platforms.Build.0 = Debug|Any CPU
		{A60242B9-5382-4A90-91F8-F390DA706AE7}.Debug|x86.ActiveCfg = Debug|Any CPU
		{A60242B9-5382-4A90-91F8-F390DA706AE7}.Release|Any CPU.ActiveCfg = Release|Any CPU
		{A60242B9-5382-4A90-91F8-F390DA706AE7}.Release|Any CPU.Build.0 = Release|Any CPU
		{A60242B9-5382-4A90-91F8-F390DA706AE7}.Release|Mixed Platforms.ActiveCfg = Release|Any CPU
		{A60242B9-5382-4A90-91F8-F390DA706AE7}.Release|Mixed Platforms.Build.0 = Release|Any CPU
		{A60242B9-5382-4A90-91F8-F390DA706AE7}.Release|x86.ActiveCfg = Release|Any CPU
		{8C504F89-C6CA-4A4A-A2C2-F56175207304}.Debug|Any CPU.ActiveCfg = Debug|Any CPU
		{8C504F89-C6CA-4A4A-A2C2-F56175207304}.Debug|Any CPU.Build.0 = Debug|Any CPU
		{8C504F89-C6CA-4A4A-A2C2-F56175207304}.Debug|Mixed Platforms.ActiveCfg = Debug|Any CPU
		{8C504F89-C6CA-4A4A-A2C2-F56175207304}.Debug|Mixed Platforms.Build.0 = Debug|Any CPU
		{8C504F89-C6CA-4A4A-A2C2-F56175207304}.Debug|x86.ActiveCfg = Debug|Any CPU
		{8C504F89-C6CA-4A4A-A2C2-F56175207304}.Release|Any CPU.ActiveCfg = Release|Any CPU
		{8C504F89-C6CA-4A4A-A2C2-F56175207304}.Release|Any CPU.Build.0 = Release|Any CPU
		{8C504F89-C6CA-4A4A-A2C2-F56175207304}.Release|Mixed Platforms.ActiveCfg = Release|Any CPU
		{8C504F89-C6CA-4A4A-A2C2-F56175207304}.Release|Mixed Platforms.Build.0 = Release|Any CPU
		{8C504F89-C6CA-4A4A-A2C2-F56175207304}.Release|x86.ActiveCfg = Release|Any CPU
	EndGlobalSection
	GlobalSection(SolutionProperties) = preSolution
		HideSolutionNode = FALSE
	EndGlobalSection
EndGlobal
